{
    "_readme": [
        "This file locks the dependencies of your project to a known state",
        "Read more about it at http://getcomposer.org/doc/01-basic-usage.md#composer-lock-the-lock-file"
    ],
    "hash": "62db2d44650fbb5af059552b018e0fea",
    "packages": [
        {
            "name": "bjyoungblood/bjy-authorize",
            "version": "dev-master",
            "source": {
                "type": "git",
                "url": "https://github.com/bjyoungblood/BjyAuthorize.git",
                "reference": "bf31161bf598532cf98dbb0a3a7f7b8efb29bb21"
            },
            "dist": {
                "type": "zip",
                "url": "https://api.github.com/repos/bjyoungblood/BjyAuthorize/zipball/bf31161bf598532cf98dbb0a3a7f7b8efb29bb21",
                "reference": "bf31161bf598532cf98dbb0a3a7f7b8efb29bb21",
                "shasum": ""
            },
            "require": {
                "php": ">=5.3.3",
                "zendframework/zend-cache": "~2.2",
                "zendframework/zend-eventmanager": "~2.2",
                "zendframework/zend-http": "~2.2",
                "zendframework/zend-mvc": "~2.2",
                "zendframework/zend-permissions-acl": "~2.2",
                "zendframework/zend-servicemanager": "~2.2",
                "zendframework/zend-view": "~2.2"
            },
            "require-dev": {
                "doctrine/common": ">=2.3,<2.5-dev",
                "phpunit/phpunit": "~3.7",
                "satooshi/php-coveralls": "~0.6",
                "squizlabs/php_codesniffer": "1.4.*",
                "zendframework/zend-developer-tools": "0.*",
                "zf-commons/zfc-user": "0.*"
            },
            "type": "library",
            "extra": {
                "branch-alias": {
                    "dev-master": "1.5-dev"
                }
            },
            "autoload": {
                "psr-0": {
                    "BjyAuthorize\\": "src/"
                }
            },
            "notification-url": "https://packagist.org/downloads/",
            "license": [
                "BSD-3-Clause"
            ],
            "authors": [
                {
                    "name": "Marco Pivetta",
                    "email": "ocramius@gmail.com",
                    "homepage": "http://ocramius.github.com/",
                    "role": "Developer"
                },
                {
                    "name": "Ben Youngblood",
                    "email": "bx.youngblood@gmail.com",
                    "homepage": "http://bjyoungblood.com/",
                    "role": "Developer"
                }
            ],
            "description": "Zend\\Acl based firewall system for ZF2 dispatch protection",
            "homepage": "https://github.com/bjyoungblood/BjyAuthorize",
            "keywords": [
                "acl",
                "zf2",
                "zfc-user"
            ],
            "time": "2014-04-03 17:12:07"
        },
        {
            "name": "bjyoungblood/bjy-profiler",
            "version": "dev-master",
            "source": {
                "type": "git",
                "url": "https://github.com/bjyoungblood/BjyProfiler.git",
                "reference": "b08b65a479e7fcdbfae9442fbda8e4ec7fb5852b"
            },
            "dist": {
                "type": "zip",
                "url": "https://api.github.com/repos/bjyoungblood/BjyProfiler/zipball/b08b65a479e7fcdbfae9442fbda8e4ec7fb5852b",
                "reference": "b08b65a479e7fcdbfae9442fbda8e4ec7fb5852b",
                "shasum": ""
            },
            "require": {
                "php": ">=5.3",
                "zendframework/zend-db": ">=2.1.0"
            },
            "type": "library",
            "autoload": {
                "psr-0": {
                    "BjyProfiler": "src/"
                },
                "classmap": [
                    "./Module.php"
                ]
            },
            "notification-url": "https://packagist.org/downloads/",
            "license": [
                "MIT"
            ],
            "authors": [
                {
                    "name": "Ben Youngblood",
                    "email": "bx.youngblood@gmail.com",
                    "homepage": "http://bjyoungblood.com/",
                    "role": "Developer"
                }
            ],
            "description": "Database profiler for Zend\\Db (also plugin for ZendDeveloperTools)",
            "homepage": "https://github.com/bjyoungblood/BjyProfiler",
            "keywords": [
                "db",
                "profiler",
                "zdt",
                "zf2"
            ],
            "time": "2014-04-17 14:44:15"
        },
        {
            "name": "danielss89/zfc-user-admin",
            "version": "dev-master",
            "source": {
                "type": "git",
                "url": "https://github.com/Danielss89/ZfcUserAdmin.git",
                "reference": "ab2cb7d2ec73bc733b6d8fb53639a85e5d1502aa"
            },
            "dist": {
                "type": "zip",
                "url": "https://api.github.com/repos/Danielss89/ZfcUserAdmin/zipball/ab2cb7d2ec73bc733b6d8fb53639a85e5d1502aa",
                "reference": "ab2cb7d2ec73bc733b6d8fb53639a85e5d1502aa",
                "shasum": ""
            },
            "require": {
                "php": ">=5.3.3",
                "zf-commons/zfc-admin": ">=0.1.1",
                "zf-commons/zfc-user": ">=0.1.1"
            },
            "type": "library",
            "autoload": {
                "psr-0": {
                    "ZfcUserAdmin": "src/"
                },
                "classmap": [
                    "./Module.php"
                ]
            },
            "notification-url": "https://packagist.org/downloads/",
            "authors": [
                {
                    "name": "Daniel Strøm",
                    "email": "daniel@eye4web.dk"
                }
            ],
            "description": "An administration interface for ZfcUser.",
            "homepage": "https://github.com/Danielss89/ZfcUserAdmin.git",
            "keywords": [
                "zf2"
            ],
            "time": "2014-01-12 10:48:13"
        },
        {
            "name": "firephp/firephp-core",
            "version": "dev-master",
            "source": {
                "type": "git",
                "url": "https://github.com/firephp/firephp-core.git",
                "reference": "bb0af2a62facaa07c08ed8ff9213f2966f32457b"
            },
            "dist": {
                "type": "zip",
                "url": "https://api.github.com/repos/firephp/firephp-core/zipball/bb0af2a62facaa07c08ed8ff9213f2966f32457b",
                "reference": "bb0af2a62facaa07c08ed8ff9213f2966f32457b",
                "shasum": ""
            },
            "type": "library",
            "autoload": {
                "classmap": [
                    "lib/FirePHPCore/FirePHP.class.php",
                    "lib/FirePHPCore/fb.php"
                ],
                "files": [
                    "lib/FirePHPCore/fb.php"
                ]
            },
            "notification-url": "https://packagist.org/downloads/",
            "license": [
                "MIT"
            ],
            "authors": [
                {
                    "name": "Christoph Dorn",
                    "email": "christoph@christophdorn.com",
                    "homepage": "http://christophdorn.com"
                }
            ],
            "description": "Traditional FirePHPCore library for sending PHP variables to the browser.",
            "homepage": "https://github.com/firephp/firephp-core",
            "time": "2014-02-26 18:33:14"
        },
        {
            "name": "hrevert/ht-user-registration",
            "version": "dev-master",
            "source": {
                "type": "git",
                "url": "https://github.com/hrevert/HtUserRegistration.git",
                "reference": "89df8984a0b10555c4fe8fb5a692ff70f0854330"
            },
            "dist": {
                "type": "zip",
                "url": "https://api.github.com/repos/hrevert/HtUserRegistration/zipball/89df8984a0b10555c4fe8fb5a692ff70f0854330",
                "reference": "89df8984a0b10555c4fe8fb5a692ff70f0854330",
                "shasum": ""
            },
            "require": {
                "mtymek/mt-mail": "1.0.*",
                "php": ">=5.4",
                "zf-commons/zfc-user": ">=0.1,<2.0"
            },
            "type": "library",
            "autoload": {
                "psr-4": {
                    "HtUserRegistration\\": "src/"
                }
            },
            "notification-url": "https://packagist.org/downloads/",
            "license": [
                "MIT"
            ],
            "authors": [
                {
                    "name": "ojhaujjwal",
                    "email": "bring2uo@gmail.com"
                },
                {
                    "name": "Hrevert Technologies",
                    "email": "info@hrevert.com"
                }
            ],
            "description": "A Zend Framework 2 module which extends the registration feature of ZfcUser with email address verification",
            "homepage": "https://github.com/hrevert/HtUserRegistration",
            "keywords": [
                "module",
                "zf2"
            ],
            "time": "2014-05-13 02:33:22"
        },
        {
            "name": "hybridauth/hybridauth",
            "version": "v2.2.0",
            "source": {
                "type": "git",
                "url": "https://github.com/hybridauth/hybridauth.git",
                "reference": "8baf9d12ef8ce886a047329607f6e326b230b0f6"
            },
            "dist": {
                "type": "zip",
                "url": "https://api.github.com/repos/hybridauth/hybridauth/zipball/8baf9d12ef8ce886a047329607f6e326b230b0f6",
                "reference": "8baf9d12ef8ce886a047329607f6e326b230b0f6",
                "shasum": ""
            },
            "require": {
                "ext-curl": "*",
                "php": ">=5.2.0"
            },
            "type": "library",
            "autoload": {
                "psr-0": {
                    "Hybrid": "hybridauth/"
                }
            },
            "notification-url": "https://packagist.org/downloads/",
            "license": [
                "(MIT or GPL-3.0+)"
            ],
            "authors": [
                {
                    "name": "Miled",
                    "email": "hybridauth@gmail.com"
                }
            ],
            "description": "Open source social sign on PHP library.",
            "homepage": "http://hybridauth.sourceforge.net",
            "keywords": [
                "OpenId",
                "facebook",
                "google",
                "hybridauth",
                "login",
                "oauth",
                "social",
                "twitter",
                "yahoo"
            ],
            "time": "2014-05-25 04:27:18"
        },
        {
            "name": "michelf/php-markdown",
            "version": "1.4.1",
            "source": {
                "type": "git",
                "url": "https://github.com/michelf/php-markdown.git",
                "reference": "de9a19c7bf352d41cc99ed86c3c0ef17e87394b6"
            },
            "dist": {
                "type": "zip",
                "url": "https://api.github.com/repos/michelf/php-markdown/zipball/de9a19c7bf352d41cc99ed86c3c0ef17e87394b6",
                "reference": "de9a19c7bf352d41cc99ed86c3c0ef17e87394b6",
                "shasum": ""
            },
            "require": {
                "php": ">=5.3.0"
            },
            "type": "library",
            "extra": {
                "branch-alias": {
                    "dev-lib": "1.4.x-dev"
                }
            },
            "autoload": {
                "psr-0": {
                    "Michelf": ""
                }
            },
            "notification-url": "https://packagist.org/downloads/",
            "license": [
                "BSD-3-Clause"
            ],
            "authors": [
                {
                    "name": "Michel Fortin",
                    "email": "michel.fortin@michelf.ca",
                    "homepage": "http://michelf.ca/",
                    "role": "Developer"
                },
                {
                    "name": "John Gruber",
                    "homepage": "http://daringfireball.net/"
                }
            ],
            "description": "PHP Markdown",
            "homepage": "http://michelf.ca/projects/php-markdown/",
            "keywords": [
                "markdown"
            ],
            "time": "2014-05-05 02:43:50"
        },
        {
            "name": "mtymek/mt-mail",
            "version": "1.0.0",
            "source": {
                "type": "git",
                "url": "https://github.com/mtymek/MtMail.git",
                "reference": "ef0173e60bae18b56200f3d1976b843a2e490ac2"
            },
            "dist": {
                "type": "zip",
                "url": "https://api.github.com/repos/mtymek/MtMail/zipball/ef0173e60bae18b56200f3d1976b843a2e490ac2",
                "reference": "ef0173e60bae18b56200f3d1976b843a2e490ac2",
                "shasum": ""
            },
            "require": {
                "zendframework/zend-escaper": ">=2.2.1",
                "zendframework/zend-filter": ">=2.2.1",
                "zendframework/zend-mail": ">=2.2.1",
                "zendframework/zend-validator": ">=2.2.1",
                "zendframework/zend-view": ">=2.2.1"
            },
            "require-dev": {
                "phpunit/phpunit": "*"
            },
            "type": "library",
            "autoload": {
                "psr-0": {
                    "MtMail": "src/",
                    "MtMailTest": "test/"
                },
                "classmap": [
                    "./Module.php"
                ]
            },
            "notification-url": "https://packagist.org/downloads/",
            "license": [
                "BSD 2-Clause"
            ],
            "authors": [
                {
                    "name": "Mateusz Tymek",
                    "email": "mtymek@gmail.com",
                    "homepage": "http://mateusztymek.pl"
                }
            ],
            "description": "ZF2 e-mail module. Using this library can easily create e-mail messages from PHTML templates (with optional layouts) and send them using configurable transports. Pluggable, EventManager-driven architecture allows you to customize every aspect of the process.",
            "keywords": [
                "e-mail",
                "email",
                "mail template",
                "mail transport",
                "module",
                "zf2"
            ],
            "time": "2014-03-15 12:05:36"
        },
        {
            "name": "socalnick/scn-social-auth",
            "version": "dev-master",
            "source": {
                "type": "git",
                "url": "https://github.com/SocalNick/ScnSocialAuth.git",
                "reference": "b38f2aa71fade44736755aeb1b5128305f4cdf1a"
            },
            "dist": {
                "type": "zip",
                "url": "https://api.github.com/repos/SocalNick/ScnSocialAuth/zipball/b38f2aa71fade44736755aeb1b5128305f4cdf1a",
                "reference": "b38f2aa71fade44736755aeb1b5128305f4cdf1a",
                "shasum": ""
            },
            "require": {
                "hybridauth/hybridauth": "2.2.*",
                "php": ">=5.3.3",
                "zendframework/zendframework": "2.*",
                "zf-commons/zfc-base": "0.1.*",
                "zf-commons/zfc-user": "1.0.*"
            },
            "require-dev": {
                "mockery/mockery": "0.8.0"
            },
            "type": "library",
            "autoload": {
                "psr-0": {
                    "ScnSocialAuth": "src/",
                    "ScnSocialAuthTest": "test/"
                },
                "classmap": [
                    "./"
                ]
            },
            "notification-url": "https://packagist.org/downloads/",
            "license": [
                "BSD-3-Clause"
            ],
            "authors": [
                {
                    "name": "Nicholas Calugar",
                    "email": "njcalugar@gmail.com",
                    "homepage": "http://socalnick.github.com/",
                    "role": "Developer"
                }
            ],
            "description": "Uses the HybridAuth PHP library to Enable authentication via Google, Facebook, Twitter, Yahoo!, etc for the ZfcUser ZF2 module.",
            "homepage": "https://github.com/SocalNick/ScnSocialAuth",
            "keywords": [
                "zf2"
            ],
            "time": "2014-05-25 15:39:19"
        },
        {
            "name": "zendframework/zend-developer-tools",
            "version": "dev-master",
            "source": {
                "type": "git",
                "url": "https://github.com/zendframework/ZendDeveloperTools.git",
                "reference": "8907edf3a03ae0ac761b43e33b3629ac1b6c3cf3"
            },
            "dist": {
                "type": "zip",
                "url": "https://api.github.com/repos/zendframework/ZendDeveloperTools/zipball/8907edf3a03ae0ac761b43e33b3629ac1b6c3cf3",
                "reference": "8907edf3a03ae0ac761b43e33b3629ac1b6c3cf3",
                "shasum": ""
            },
            "require": {
                "php": ">=5.3.3",
                "zendframework/zend-debug": "2.*",
                "zendframework/zend-eventmanager": "2.*",
                "zendframework/zend-mvc": "2.*",
                "zendframework/zend-servicemanager": "2.*",
                "zendframework/zend-stdlib": "2.*",
                "zendframework/zend-version": "2.*"
            },
            "suggest": {
                "bjyoungblood/bjy-profiler": "Version: dev-master, allows the usage of the (Zend) Db collector.",
                "ocramius/ocra-service-manager": "OcraServiceManager can help you track dependencies within your application."
            },
            "type": "zf-module",
            "autoload": {
                "psr-0": {
                    "ZendDeveloperTools": "src/"
                },
                "classmap": [
                    "./Module.php"
                ]
            },
            "notification-url": "https://packagist.org/downloads/",
            "license": [
                "BSD-3-Clause"
            ],
            "authors": [
                {
                    "name": "Evan Coury",
                    "email": "me@evancoury.com",
                    "homepage": "http://blog.evan.pro/"
                },
                {
                    "name": "Eric Boh",
                    "email": "cossish@gmail.com"
                }
            ],
            "description": "Module for developer and debug tools for working with the ZF2 MVC layer.",
            "homepage": "https://github.com/zendframework/ZendDeveloperTools",
            "keywords": [
                "debug",
                "developer",
                "module",
                "zf2"
            ],
            "time": "2014-05-06 03:29:18"
        },
        {
            "name": "zendframework/zendframework",
            "version": "2.3.1",
            "source": {
                "type": "git",
                "url": "https://github.com/zendframework/zf2.git",
                "reference": "055eac4314425c291f3ef0e104a6196a8fc24cd5"
            },
            "dist": {
                "type": "zip",
                "url": "https://api.github.com/repos/zendframework/zf2/zipball/055eac4314425c291f3ef0e104a6196a8fc24cd5",
                "reference": "055eac4314425c291f3ef0e104a6196a8fc24cd5",
                "shasum": ""
            },
            "require": {
                "php": ">=5.3.23",
                "zendframework/zendxml": "~1.0-dev"
            },
            "replace": {
                "zendframework/zend-authentication": "self.version",
                "zendframework/zend-barcode": "self.version",
                "zendframework/zend-cache": "self.version",
                "zendframework/zend-captcha": "self.version",
                "zendframework/zend-code": "self.version",
                "zendframework/zend-config": "self.version",
                "zendframework/zend-console": "self.version",
                "zendframework/zend-crypt": "self.version",
                "zendframework/zend-db": "self.version",
                "zendframework/zend-debug": "self.version",
                "zendframework/zend-di": "self.version",
                "zendframework/zend-dom": "self.version",
                "zendframework/zend-escaper": "self.version",
                "zendframework/zend-eventmanager": "self.version",
                "zendframework/zend-feed": "self.version",
                "zendframework/zend-file": "self.version",
                "zendframework/zend-filter": "self.version",
                "zendframework/zend-form": "self.version",
                "zendframework/zend-http": "self.version",
                "zendframework/zend-i18n": "self.version",
                "zendframework/zend-inputfilter": "self.version",
                "zendframework/zend-json": "self.version",
                "zendframework/zend-ldap": "self.version",
                "zendframework/zend-loader": "self.version",
                "zendframework/zend-log": "self.version",
                "zendframework/zend-mail": "self.version",
                "zendframework/zend-math": "self.version",
                "zendframework/zend-memory": "self.version",
                "zendframework/zend-mime": "self.version",
                "zendframework/zend-modulemanager": "self.version",
                "zendframework/zend-mvc": "self.version",
                "zendframework/zend-navigation": "self.version",
                "zendframework/zend-paginator": "self.version",
                "zendframework/zend-permissions-acl": "self.version",
                "zendframework/zend-permissions-rbac": "self.version",
                "zendframework/zend-progressbar": "self.version",
                "zendframework/zend-resources": "self.version",
                "zendframework/zend-serializer": "self.version",
                "zendframework/zend-server": "self.version",
                "zendframework/zend-servicemanager": "self.version",
                "zendframework/zend-session": "self.version",
                "zendframework/zend-soap": "self.version",
                "zendframework/zend-stdlib": "self.version",
                "zendframework/zend-tag": "self.version",
                "zendframework/zend-test": "self.version",
                "zendframework/zend-text": "self.version",
                "zendframework/zend-uri": "self.version",
                "zendframework/zend-validator": "self.version",
                "zendframework/zend-version": "self.version",
                "zendframework/zend-view": "self.version",
                "zendframework/zend-xmlrpc": "self.version"
            },
            "require-dev": {
                "doctrine/annotations": ">=1.0",
                "fabpot/php-cs-fixer": "*@dev",
                "ircmaxell/random-lib": "dev-master",
                "ircmaxell/security-lib": "dev-master",
                "mikey179/vfsstream": "1.2.*",
                "phpunit/phpunit": "3.7.*",
                "satooshi/php-coveralls": "dev-master",
                "sebastianbergmann/phpcov": "1.1.0"
            },
            "suggest": {
                "doctrine/annotations": "Doctrine Annotations >=1.0 for annotation features",
                "ext-intl": "ext/intl for i18n features (included in default builds of PHP)",
                "ircmaxell/random-lib": "Fallback random byte generator for Zend\\Math\\Rand if OpenSSL/Mcrypt extensions are unavailable",
                "ocramius/proxy-manager": "ProxyManager 0.5.* to handle lazy initialization of services",
                "zendframework/zendpdf": "ZendPdf for creating PDF representations of barcodes",
                "zendframework/zendservice-recaptcha": "ZendService\\ReCaptcha for rendering ReCaptchas in Zend\\Captcha and/or Zend\\Form"
            },
            "bin": [
                "bin/classmap_generator.php",
                "bin/pluginmap_generator.php",
                "bin/templatemap_generator.php"
            ],
            "type": "library",
            "extra": {
                "branch-alias": {
                    "dev-master": "2.3-dev",
                    "dev-develop": "2.4-dev"
                }
            },
            "autoload": {
                "psr-0": {
                    "Zend\\": "library/"
                }
            },
            "notification-url": "https://packagist.org/downloads/",
            "license": [
                "BSD-3-Clause"
            ],
            "description": "Zend Framework 2",
            "homepage": "http://framework.zend.com/",
            "keywords": [
                "framework",
                "zf2"
            ],
            "time": "2014-04-15 14:47:18"
        },
        {
            "name": "zendframework/zendoauth",
            "version": "2.0.2",
            "source": {
                "type": "git",
                "url": "https://github.com/zendframework/ZendOAuth.git",
                "reference": "0d068773448dd224583aa07b0a16349613bd9b8d"
            },
            "dist": {
                "type": "zip",
                "url": "https://api.github.com/repos/zendframework/ZendOAuth/zipball/0d068773448dd224583aa07b0a16349613bd9b8d",
                "reference": "0d068773448dd224583aa07b0a16349613bd9b8d",
                "shasum": ""
            },
            "require": {
                "php": ">=5.3.3",
                "zendframework/zend-config": ">=2.0.0",
                "zendframework/zend-crypt": ">=2.0.0",
                "zendframework/zend-http": ">=2.0.0",
                "zendframework/zend-i18n": ">=2.0.0",
                "zendframework/zend-loader": ">=2.0.0",
                "zendframework/zend-math": ">=2.0.0",
                "zendframework/zend-stdlib": ">=2.0.0",
                "zendframework/zend-uri": ">=2.0.0"
            },
            "type": "library",
            "extra": {
                "branch-alias": {
                    "dev-master": "2.0.x-dev"
                }
            },
            "autoload": {
                "psr-0": {
                    "ZendOAuth": "library/"
                }
            },
            "notification-url": "https://packagist.org/downloads/",
            "license": [
                "BSD-3-Clause"
            ],
            "homepage": "http://packages.zendframework.com/",
            "keywords": [
                "oauth",
                "zf2"
            ],
            "time": "2013-06-10 21:09:59"
        },
        {
            "name": "zendframework/zendxml",
            "version": "1.0.0",
            "source": {
                "type": "git",
                "url": "https://github.com/zendframework/ZendXml.git",
                "reference": "559b34f426d33a11c3db118e00ce14bb8dc64e5f"
            },
            "dist": {
                "type": "zip",
                "url": "https://api.github.com/repos/zendframework/ZendXml/zipball/559b34f426d33a11c3db118e00ce14bb8dc64e5f",
                "reference": "559b34f426d33a11c3db118e00ce14bb8dc64e5f",
                "shasum": ""
            },
            "require": {
                "php": ">=5.3.3"
            },
            "require-dev": {
                "fabpot/php-cs-fixer": "*@dev",
                "phpunit/phpunit": "~3.7"
            },
            "type": "library",
            "extra": {
                "branch-alias": {
                    "dev-master": "1.0-dev"
                }
            },
            "autoload": {
                "psr-0": {
                    "ZendXml": "library/"
                }
            },
            "notification-url": "https://packagist.org/downloads/",
            "license": [
                "BSD-3-Clause"
            ],
            "description": "Utility library for XML usage, best practices, and security in PHP",
            "homepage": "http://packages.zendframework.com/",
            "keywords": [
                "security",
                "xml",
                "zf2"
            ],
            "time": "2014-03-05 22:25:44"
        },
        {
            "name": "zf-commons/zfc-admin",
            "version": "v0.1.3",
            "source": {
                "type": "git",
                "url": "https://github.com/ZF-Commons/ZfcAdmin.git",
                "reference": "38425f306085901f0d6ab796aaae33b3847e0936"
            },
            "dist": {
                "type": "zip",
                "url": "https://api.github.com/repos/ZF-Commons/ZfcAdmin/zipball/38425f306085901f0d6ab796aaae33b3847e0936",
                "reference": "38425f306085901f0d6ab796aaae33b3847e0936",
                "shasum": ""
            },
            "require": {
                "php": ">=5.3.3",
                "zendframework/zendframework": "2.*"
            },
            "suggest": {
                "bjyoungblood/bjy-authorize": "Access control to protect ZfcAdmin against unauthorized users"
            },
            "type": "library",
            "autoload": {
                "psr-0": {
                    "ZfcAdmin": "src/"
                },
                "classmap": [
                    "./Module.php"
                ]
            },
            "notification-url": "https://packagist.org/downloads/",
            "license": [
                "BSD-3-Clause"
            ],
            "authors": [
                {
                    "name": "Jurian Sluiman ",
                    "email": "jurian@juriansluiman.nl",
                    "homepage": "http://juriansluiman.nl/en/"
                },
                {
                    "name": "Martin Shwalbe",
                    "email": "martin.shwalbe@gmail.com",
                    "homepage": "http://hounddog.github.com"
                }
            ],
            "description": "A generic Admin module for ZF2.",
            "homepage": "https://github.com/juriansluiman/ZfcAdmin",
            "keywords": [
                "zf2"
            ],
            "time": "2014-04-15 07:08:25"
        },
        {
            "name": "zf-commons/zfc-base",
            "version": "v0.1.2",
            "source": {
                "type": "git",
                "url": "https://github.com/ZF-Commons/ZfcBase.git",
                "reference": "fc68a49b58ba68584a9a4c44a1ca9df12b30d1bf"
            },
            "dist": {
                "type": "zip",
                "url": "https://api.github.com/repos/ZF-Commons/ZfcBase/zipball/fc68a49b58ba68584a9a4c44a1ca9df12b30d1bf",
                "reference": "fc68a49b58ba68584a9a4c44a1ca9df12b30d1bf",
                "shasum": ""
            },
            "require": {
                "php": ">=5.3.3",
                "zendframework/zend-db": "~2.1",
                "zendframework/zend-eventmanager": "~2.1",
                "zendframework/zend-loader": "~2.1",
                "zendframework/zend-modulemanager": "~2.1",
                "zendframework/zend-mvc": "~2.1",
                "zendframework/zend-servicemanager": "~2.1",
                "zendframework/zend-stdlib": "~2.1"
            },
            "type": "library",
            "autoload": {
                "psr-0": {
                    "ZfcBase": "src/"
                },
                "classmap": [
                    "./Module.php"
                ]
            },
            "notification-url": "https://packagist.org/downloads/",
            "authors": [
                {
                    "name": "Kyle Spraggs",
                    "email": "theman@spiffyjr.me",
                    "homepage": "http://www.spiffyjr.me/"
                },
                {
                    "name": "Evan Coury",
                    "email": "me@evancoury.com",
                    "homepage": "http://blog.evan.pro/"
                }
            ],
            "description": "A set of genetic (abstract) classes which are commonly used across multiple modules.",
            "homepage": "https://github.com/ZF-Commons/ZfcBase",
            "keywords": [
                "zf2"
            ],
            "time": "2013-05-02 12:33:49"
        },
        {
            "name": "zf-commons/zfc-user",
            "version": "1.0.0",
            "source": {
                "type": "git",
                "url": "https://github.com/ZF-Commons/ZfcUser.git",
                "reference": "db5b39df5f640c86299c74f46a91869c09c9a3ed"
            },
            "dist": {
                "type": "zip",
                "url": "https://api.github.com/repos/ZF-Commons/ZfcUser/zipball/db5b39df5f640c86299c74f46a91869c09c9a3ed",
                "reference": "db5b39df5f640c86299c74f46a91869c09c9a3ed",
                "shasum": ""
            },
            "require": {
                "php": ">=5.3.3",
                "zendframework/zend-authentication": "~2.1",
                "zendframework/zend-crypt": "~2.1",
                "zendframework/zend-form": "~2.1",
                "zendframework/zend-http": "~2.1",
                "zendframework/zend-inputfilter": "~2.1",
                "zendframework/zend-loader": "~2.1",
                "zendframework/zend-modulemanager": "~2.1",
                "zendframework/zend-mvc": "~2.1",
                "zendframework/zend-servicemanager": "~2.1",
                "zendframework/zend-session": "~2.1",
                "zendframework/zend-stdlib": "~2.1",
                "zendframework/zend-validator": "~2.1",
                "zendframework/zend-view": "~2.1",
                "zf-commons/zfc-base": "0.*"
            },
            "require-dev": {
                "phpmd/phpmd": "1.4.*",
                "phpunit/phpunit": ">=3.7,<4",
                "squizlabs/php_codesniffer": "1.4.*",
                "zendframework/zend-captcha": "~2.1"
            },
            "suggest": {
                "zendframework/zend-captcha": "Zend\\Captcha if you want to use the captcha component"
            },
            "type": "library",
            "extra": {
                "branch-alias": {
                    "dev-master": "0.1.x-dev"
                }
            },
            "autoload": {
                "psr-0": {
                    "ZfcUser": "src/"
                },
                "classmap": [
                    "./Module.php"
                ]
            },
            "notification-url": "https://packagist.org/downloads/",
            "license": [
                "BSD-3-Clause"
            ],
            "authors": [
                {
                    "name": "Kyle Spraggs",
                    "email": "theman@spiffyjr.me",
                    "homepage": "http://www.spiffyjr.me/"
                },
                {
                    "name": "Evan Coury",
                    "email": "me@evancoury.com",
                    "homepage": "http://blog.evan.pro/"
                }
            ],
            "description": "A generic user registration and authentication module for ZF2. Supports Zend\\Db and Doctrine2.",
            "homepage": "https://github.com/ZF-Commons/ZfcUser",
            "keywords": [
                "zf2"
            ],
            "time": "2014-04-17 10:31:44"
        }
    ],
    "packages-dev": [

    ],
    "aliases": [

    ],
    "minimum-stability": "stable",
    "stability-flags": {
        "firephp/firephp-core": 20,
        "bjyoungblood/bjy-profiler": 20,
        "zendframework/zend-developer-tools": 20,
        "socalnick/scn-social-auth": 20,
        "bjyoungblood/bjy-authorize": 20,
        "danielss89/zfc-user-admin": 20,
        "hrevert/ht-user-registration": 20
    },
    "platform": {
        "php": ">=5.3.3"
    },
    "platform-dev": [

    ]
}
